
Microsoft Visual Studio Solution File, Format Version 12.00
# Visual Studio 15
VisualStudioVersion = 15.0.26730.10
MinimumVisualStudioVersion = 10.0.40219.1
Project("{FAE04EC0-301F-11D3-BF4B-00C04F79EFBC}") = "DDNS_Updater", "DDNS_Updater_Freamework\DDNS_Updater.csproj", "{90E6A31A-4428-49FF-A831-E1875CEA77BF}"
EndProject
Project("{FAE04EC0-301F-11D3-BF4B-00C04F79EFBC}") = "ConsoleArguments", "ConsoleArguments_Framework\ConsoleArguments.csproj", "{D4905406-BDD6-41A0-B96E-F8154EBEB5CF}"
EndProject
Global
	GlobalSection(SolutionConfigurationPlatforms) = preSolution
		Debug|Any CPU = Debug|Any CPU
		Release|Any CPU = Release|Any CPU
	EndGlobalSection
	GlobalSection(ProjectConfigurationPlatforms) = postSolution
		{90E6A31A-4428-49FF-A831-E1875CEA77BF}.Debug|Any CPU.ActiveCfg = Debug|Any CPU
		{90E6A31A-4428-49FF-A831-E1875CEA77BF}.Debug|Any CPU.Build.0 = Debug|Any CPU
		{90E6A31A-4428-49FF-A831-E1875CEA77BF}.Release|Any CPU.ActiveCfg = Release|Any CPU
		{90E6A31A-4428-49FF-A831-E1875CEA77BF}.Release|Any CPU.Build.0 = Release|Any CPU
		{D4905406-BDD6-41A0-B96E-F8154EBEB5CF}.Debug|Any CPU.ActiveCfg = Debug|Any CPU
		{D4905406-BDD6-41A0-B96E-F8154EBEB5CF}.Debug|Any CPU.Build.0 = Debug|Any CPU
		{D4905406-BDD6-41A0-B96E-F8154EBEB5CF}.Release|Any CPU.ActiveCfg = Release|Any CPU
		{D4905406-BDD6-41A0-B96E-F8154EBEB5CF}.Release|Any CPU.Build.0 = Release|Any CPU
	EndGlobalSection
	GlobalSection(SolutionProperties) = preSolution
		HideSolutionNode = FALSE
	EndGlobalSection
	GlobalSection(ExtensibilityGlobals) = postSolution
		SolutionGuid = {41289261-0D4D-4A5E-9C9B-CF8A43C78E77}
	EndGlobalSection
EndGlobal
